
Microsoft Visual Studio Solution File, Format Version 12.00
Project("{2150E333-8FDC-42A3-9474-1A3956D46DE8}") = "src", "src", "{215FC88E-BD3D-41AF-85FC-D3FEA402E7AA}"
EndProject
Project("{FAE04EC0-301F-11D3-BF4B-00C04F79EFBC}") = "RecruitmentAgency.Domain", "src\RecruitmentAgency.Domain\RecruitmentAgency.Domain.csproj", "{7B993099-6678-40CA-9CF2-A4545EFB912F}"
EndProject
Project("{FAE04EC0-301F-11D3-BF4B-00C04F79EFBC}") = "RecruitmentAgency.Application", "src\RecruitmentAgency.Application\RecruitmentAgency.Application.csproj", "{25D5A315-D5C8-4743-A498-1A6DA03588CD}"
EndProject
Project("{2150E333-8FDC-42A3-9474-1A3956D46DE8}") = "infrastructure", "infrastructure", "{90A0CA7F-69BA-41B4-8C01-0FD7AB6CEF24}"
EndProject
Project("{FAE04EC0-301F-11D3-BF4B-00C04F79EFBC}") = "RecruitmentAgency.RelationalData", "src\Infrastructure\RecruitmentAgency.RelationalData\RecruitmentAgency.RelationalData.csproj", "{1E16ECBC-BE53-4208-B601-6625ECDB05B9}"
EndProject
Project("{FAE04EC0-301F-11D3-BF4B-00C04F79EFBC}") = "RecruitmentAgency.Application.Bundle", "src\RecruitmentAgency.Application.Bundle\RecruitmentAgency.Application.Bundle.csproj", "{31586572-D7FB-49D3-928C-B5E42950300F}"
EndProject
Project("{FAE04EC0-301F-11D3-BF4B-00C04F79EFBC}") = "RecruitmentAgency.Infrastructure", "src\Infrastructure\RecruitmentAgency.Infrastructure\RecruitmentAgency.Infrastructure.csproj", "{20121E6B-269B-4775-A7A3-B345B1B48A9E}"
EndProject
Project("{FAE04EC0-301F-11D3-BF4B-00C04F79EFBC}") = "RecruitmentAgency.Api", "src\RecruitmentAgency.Api\RecruitmentAgency.Api.csproj", "{2319F140-E076-499B-9AB3-4F87568CB090}"
EndProject
Project("{2150E333-8FDC-42A3-9474-1A3956D46DE8}") = "docs", "docs", "{83194DCF-717A-4E39-8F80-F7DF981B15B9}"
	ProjectSection(SolutionItems) = preProject
		docs\DomainClasses.png = docs\DomainClasses.png
		docs\RecruitmentAgencyPublicSchema.drawio = docs\RecruitmentAgencyPublicSchema.drawio
		docs\АнализПредметнойОбласти.docx = docs\АнализПредметнойОбласти.docx
		docs\Deploy.drawio = docs\Deploy.drawio
		docs\Deploy.drawio.png = docs\Deploy.drawio.png
		docs\Components.drawio = docs\Components.drawio
		docs\Components.drawio.png = docs\Components.drawio.png
		docs\Statechart.drawio = docs\Statechart.drawio
		docs\UseCases.drawio = docs\UseCases.drawio
		docs\UseCases.drawio.png = docs\UseCases.drawio.png
		docs\VacancyApplicationStatechart.drawio.png = docs\VacancyApplicationStatechart.drawio.png
		docs\useCases.xlsx = docs\useCases.xlsx
		docs\RecruitmentAgencySequence.mmd = docs\RecruitmentAgencySequence.mmd
		docs\RecruitmentAgencySequence.png = docs\RecruitmentAgencySequence.png
		docs\RecruitmentAgencyPublicSchemaER.drawio.png = docs\RecruitmentAgencyPublicSchemaER.drawio.png
		docs\UseCases.png = docs\UseCases.png
	EndProjectSection
EndProject
Project("{2150E333-8FDC-42A3-9474-1A3956D46DE8}") = "SolutionItems", "SolutionItems", "{C0A1B108-23A1-4DD2-9E10-F066750F67D2}"
	ProjectSection(SolutionItems) = preProject
		.gitignore = .gitignore
	EndProjectSection
EndProject
Project("{2150E333-8FDC-42A3-9474-1A3956D46DE8}") = "Clients", "Clients", "{FCADE686-2062-4D7F-8F2A-05457B63E22C}"
EndProject
Project("{FAE04EC0-301F-11D3-BF4B-00C04F79EFBC}") = "RecruitmentAgency.Desktop", "src\Clients\RecruitmentAgency.Desktop\RecruitmentAgency.Desktop.csproj", "{13D56386-41AB-4AC5-9410-B9C24B362AA7}"
EndProject
Project("{FAE04EC0-301F-11D3-BF4B-00C04F79EFBC}") = "RecruitmentAgency.HttpClient", "src\Clients\RecruitmentAgency.HttpClient\RecruitmentAgency.HttpClient.csproj", "{6A1E8F91-F6DB-45BA-A736-8748531FD254}"
EndProject
Global
	GlobalSection(SolutionConfigurationPlatforms) = preSolution
		Debug|Any CPU = Debug|Any CPU
		Release|Any CPU = Release|Any CPU
	EndGlobalSection
	GlobalSection(NestedProjects) = preSolution
		{7B993099-6678-40CA-9CF2-A4545EFB912F} = {215FC88E-BD3D-41AF-85FC-D3FEA402E7AA}
		{25D5A315-D5C8-4743-A498-1A6DA03588CD} = {215FC88E-BD3D-41AF-85FC-D3FEA402E7AA}
		{90A0CA7F-69BA-41B4-8C01-0FD7AB6CEF24} = {215FC88E-BD3D-41AF-85FC-D3FEA402E7AA}
		{1E16ECBC-BE53-4208-B601-6625ECDB05B9} = {90A0CA7F-69BA-41B4-8C01-0FD7AB6CEF24}
		{31586572-D7FB-49D3-928C-B5E42950300F} = {215FC88E-BD3D-41AF-85FC-D3FEA402E7AA}
		{20121E6B-269B-4775-A7A3-B345B1B48A9E} = {90A0CA7F-69BA-41B4-8C01-0FD7AB6CEF24}
		{2319F140-E076-499B-9AB3-4F87568CB090} = {215FC88E-BD3D-41AF-85FC-D3FEA402E7AA}
		{FCADE686-2062-4D7F-8F2A-05457B63E22C} = {215FC88E-BD3D-41AF-85FC-D3FEA402E7AA}
		{13D56386-41AB-4AC5-9410-B9C24B362AA7} = {FCADE686-2062-4D7F-8F2A-05457B63E22C}
		{6A1E8F91-F6DB-45BA-A736-8748531FD254} = {FCADE686-2062-4D7F-8F2A-05457B63E22C}
	EndGlobalSection
	GlobalSection(ProjectConfigurationPlatforms) = postSolution
		{7B993099-6678-40CA-9CF2-A4545EFB912F}.Debug|Any CPU.ActiveCfg = Debug|Any CPU
		{7B993099-6678-40CA-9CF2-A4545EFB912F}.Debug|Any CPU.Build.0 = Debug|Any CPU
		{7B993099-6678-40CA-9CF2-A4545EFB912F}.Release|Any CPU.ActiveCfg = Release|Any CPU
		{7B993099-6678-40CA-9CF2-A4545EFB912F}.Release|Any CPU.Build.0 = Release|Any CPU
		{25D5A315-D5C8-4743-A498-1A6DA03588CD}.Debug|Any CPU.ActiveCfg = Debug|Any CPU
		{25D5A315-D5C8-4743-A498-1A6DA03588CD}.Debug|Any CPU.Build.0 = Debug|Any CPU
		{25D5A315-D5C8-4743-A498-1A6DA03588CD}.Release|Any CPU.ActiveCfg = Release|Any CPU
		{25D5A315-D5C8-4743-A498-1A6DA03588CD}.Release|Any CPU.Build.0 = Release|Any CPU
		{1E16ECBC-BE53-4208-B601-6625ECDB05B9}.Debug|Any CPU.ActiveCfg = Debug|Any CPU
		{1E16ECBC-BE53-4208-B601-6625ECDB05B9}.Debug|Any CPU.Build.0 = Debug|Any CPU
		{1E16ECBC-BE53-4208-B601-6625ECDB05B9}.Release|Any CPU.ActiveCfg = Release|Any CPU
		{1E16ECBC-BE53-4208-B601-6625ECDB05B9}.Release|Any CPU.Build.0 = Release|Any CPU
		{31586572-D7FB-49D3-928C-B5E42950300F}.Debug|Any CPU.ActiveCfg = Debug|Any CPU
		{31586572-D7FB-49D3-928C-B5E42950300F}.Debug|Any CPU.Build.0 = Debug|Any CPU
		{31586572-D7FB-49D3-928C-B5E42950300F}.Release|Any CPU.ActiveCfg = Release|Any CPU
		{31586572-D7FB-49D3-928C-B5E42950300F}.Release|Any CPU.Build.0 = Release|Any CPU
		{20121E6B-269B-4775-A7A3-B345B1B48A9E}.Debug|Any CPU.ActiveCfg = Debug|Any CPU
		{20121E6B-269B-4775-A7A3-B345B1B48A9E}.Debug|Any CPU.Build.0 = Debug|Any CPU
		{20121E6B-269B-4775-A7A3-B345B1B48A9E}.Release|Any CPU.ActiveCfg = Release|Any CPU
		{20121E6B-269B-4775-A7A3-B345B1B48A9E}.Release|Any CPU.Build.0 = Release|Any CPU
		{2319F140-E076-499B-9AB3-4F87568CB090}.Debug|Any CPU.ActiveCfg = Debug|Any CPU
		{2319F140-E076-499B-9AB3-4F87568CB090}.Debug|Any CPU.Build.0 = Debug|Any CPU
		{2319F140-E076-499B-9AB3-4F87568CB090}.Release|Any CPU.ActiveCfg = Release|Any CPU
		{2319F140-E076-499B-9AB3-4F87568CB090}.Release|Any CPU.Build.0 = Release|Any CPU
		{13D56386-41AB-4AC5-9410-B9C24B362AA7}.Debug|Any CPU.ActiveCfg = Debug|Any CPU
		{13D56386-41AB-4AC5-9410-B9C24B362AA7}.Debug|Any CPU.Build.0 = Debug|Any CPU
		{13D56386-41AB-4AC5-9410-B9C24B362AA7}.Release|Any CPU.ActiveCfg = Release|Any CPU
		{13D56386-41AB-4AC5-9410-B9C24B362AA7}.Release|Any CPU.Build.0 = Release|Any CPU
		{6A1E8F91-F6DB-45BA-A736-8748531FD254}.Debug|Any CPU.ActiveCfg = Debug|Any CPU
		{6A1E8F91-F6DB-45BA-A736-8748531FD254}.Debug|Any CPU.Build.0 = Debug|Any CPU
		{6A1E8F91-F6DB-45BA-A736-8748531FD254}.Release|Any CPU.ActiveCfg = Release|Any CPU
		{6A1E8F91-F6DB-45BA-A736-8748531FD254}.Release|Any CPU.Build.0 = Release|Any CPU
	EndGlobalSection
EndGlobal
